
Microsoft Visual Studio Solution File, Format Version 12.00
# Visual Studio Version 17
VisualStudioVersion = 17.5.33530.505
MinimumVisualStudioVersion = 10.0.40219.1
Project("{FAE04EC0-301F-11D3-BF4B-00C04F79EFBC}") = "WcfService", "WcfService\WcfService.csproj", "{9F3DB389-1A9E-4BD8-8CA5-4B8B78A4B951}"
EndProject
Project("{FAE04EC0-301F-11D3-BF4B-00C04F79EFBC}") = "WcfServiceHost", "WcfServiceHost\WcfServiceHost.csproj", "{6D207175-2D2B-4E5A-8EB8-9527E6E4943B}"
EndProject
Project("{FAE04EC0-301F-11D3-BF4B-00C04F79EFBC}") = "WcfClient", "WcfClient\WcfClient.csproj", "{2F950028-ECED-4C5C-8229-3BC50450B3BC}"
EndProject
Global
	GlobalSection(SolutionConfigurationPlatforms) = preSolution
		Debug|Any CPU = Debug|Any CPU
		Release|Any CPU = Release|Any CPU
	EndGlobalSection
	GlobalSection(ProjectConfigurationPlatforms) = postSolution
		{9F3DB389-1A9E-4BD8-8CA5-4B8B78A4B951}.Debug|Any CPU.ActiveCfg = Debug|Any CPU
		{9F3DB389-1A9E-4BD8-8CA5-4B8B78A4B951}.Debug|Any CPU.Build.0 = Debug|Any CPU
		{9F3DB389-1A9E-4BD8-8CA5-4B8B78A4B951}.Release|Any CPU.ActiveCfg = Release|Any CPU
		{9F3DB389-1A9E-4BD8-8CA5-4B8B78A4B951}.Release|Any CPU.Build.0 = Release|Any CPU
		{6D207175-2D2B-4E5A-8EB8-9527E6E4943B}.Debug|Any CPU.ActiveCfg = Debug|Any CPU
		{6D207175-2D2B-4E5A-8EB8-9527E6E4943B}.Debug|Any CPU.Build.0 = Debug|Any CPU
		{6D207175-2D2B-4E5A-8EB8-9527E6E4943B}.Release|Any CPU.ActiveCfg = Release|Any CPU
		{6D207175-2D2B-4E5A-8EB8-9527E6E4943B}.Release|Any CPU.Build.0 = Release|Any CPU
		{2F950028-ECED-4C5C-8229-3BC50450B3BC}.Debug|Any CPU.ActiveCfg = Debug|Any CPU
		{2F950028-ECED-4C5C-8229-3BC50450B3BC}.Debug|Any CPU.Build.0 = Debug|Any CPU
		{2F950028-ECED-4C5C-8229-3BC50450B3BC}.Release|Any CPU.ActiveCfg = Release|Any CPU
		{2F950028-ECED-4C5C-8229-3BC50450B3BC}.Release|Any CPU.Build.0 = Release|Any CPU
	EndGlobalSection
	GlobalSection(SolutionProperties) = preSolution
		HideSolutionNode = FALSE
	EndGlobalSection
	GlobalSection(ExtensibilityGlobals) = postSolution
		SolutionGuid = {0032CEAF-D917-402C-AE28-1F26B8932836}
	EndGlobalSection
EndGlobal
