
Microsoft Visual Studio Solution File, Format Version 12.00
# Visual Studio Version 16
VisualStudioVersion = 25.0.1706.0
MinimumVisualStudioVersion = 10.0.40219.1
Project("{FAE04EC0-301F-11D3-BF4B-00C04F79EFBC}") = "SendRabbit", "SendRabbit\SendRabbit.csproj", "{538EA931-35F8-412B-8BD6-869813278575}"
EndProject
Global
	GlobalSection(SolutionConfigurationPlatforms) = preSolution
		Debug|Any CPU = Debug|Any CPU
		Release|Any CPU = Release|Any CPU
	EndGlobalSection
	GlobalSection(ProjectConfigurationPlatforms) = postSolution
		{538EA931-35F8-412B-8BD6-869813278575}.Debug|Any CPU.ActiveCfg = Debug|Any CPU
		{538EA931-35F8-412B-8BD6-869813278575}.Debug|Any CPU.Build.0 = Debug|Any CPU
		{538EA931-35F8-412B-8BD6-869813278575}.Release|Any CPU.ActiveCfg = Release|Any CPU
		{538EA931-35F8-412B-8BD6-869813278575}.Release|Any CPU.Build.0 = Release|Any CPU
	EndGlobalSection
	GlobalSection(SolutionProperties) = preSolution
		HideSolutionNode = FALSE
	EndGlobalSection
	GlobalSection(ExtensibilityGlobals) = postSolution
		SolutionGuid = {35AC6B04-3ABB-4427-90EB-67F7CE0348AE}
	EndGlobalSection
EndGlobal
