
Microsoft Visual Studio Solution File, Format Version 12.00
# Visual Studio Version 16
VisualStudioVersion = 25.0.1706.0
MinimumVisualStudioVersion = 10.0.40219.1
Project("{FAE04EC0-301F-11D3-BF4B-00C04F79EFBC}") = "ReceiveRabbit", "ReceiveRabbit\ReceiveRabbit.csproj", "{DC272706-67EF-44D6-B695-BCCAF2B840EB}"
EndProject
Global
	GlobalSection(SolutionConfigurationPlatforms) = preSolution
		Debug|Any CPU = Debug|Any CPU
		Release|Any CPU = Release|Any CPU
	EndGlobalSection
	GlobalSection(ProjectConfigurationPlatforms) = postSolution
		{DC272706-67EF-44D6-B695-BCCAF2B840EB}.Debug|Any CPU.ActiveCfg = Debug|Any CPU
		{DC272706-67EF-44D6-B695-BCCAF2B840EB}.Debug|Any CPU.Build.0 = Debug|Any CPU
		{DC272706-67EF-44D6-B695-BCCAF2B840EB}.Release|Any CPU.ActiveCfg = Release|Any CPU
		{DC272706-67EF-44D6-B695-BCCAF2B840EB}.Release|Any CPU.Build.0 = Release|Any CPU
	EndGlobalSection
	GlobalSection(SolutionProperties) = preSolution
		HideSolutionNode = FALSE
	EndGlobalSection
	GlobalSection(ExtensibilityGlobals) = postSolution
		SolutionGuid = {75D8BE99-6133-4EDA-B006-A061A975F107}
	EndGlobalSection
EndGlobal
