
Microsoft Visual Studio Solution File, Format Version 12.00
# Visual Studio Version 17
VisualStudioVersion = 17.5.33424.131
MinimumVisualStudioVersion = 10.0.40219.1
Project("{9A19103F-16F7-4668-BE54-9A1E7A4F7556}") = "ImageTransferClient", "ImageTransferClient\ImageTransferClient.csproj", "{BD92FA76-1725-46C5-832F-3FE55FA76688}"
EndProject
Project("{FAE04EC0-301F-11D3-BF4B-00C04F79EFBC}") = "ImageTransferServer", "ImageTransferServer\ImageTransferServer.csproj", "{2D26F9FD-8DDA-4DD9-94CD-FE08D56CFC83}"
EndProject
Global
	GlobalSection(SolutionConfigurationPlatforms) = preSolution
		Debug|Any CPU = Debug|Any CPU
		Release|Any CPU = Release|Any CPU
	EndGlobalSection
	GlobalSection(ProjectConfigurationPlatforms) = postSolution
		{BD92FA76-1725-46C5-832F-3FE55FA76688}.Debug|Any CPU.ActiveCfg = Debug|Any CPU
		{BD92FA76-1725-46C5-832F-3FE55FA76688}.Debug|Any CPU.Build.0 = Debug|Any CPU
		{BD92FA76-1725-46C5-832F-3FE55FA76688}.Release|Any CPU.ActiveCfg = Release|Any CPU
		{BD92FA76-1725-46C5-832F-3FE55FA76688}.Release|Any CPU.Build.0 = Release|Any CPU
		{2D26F9FD-8DDA-4DD9-94CD-FE08D56CFC83}.Debug|Any CPU.ActiveCfg = Debug|Any CPU
		{2D26F9FD-8DDA-4DD9-94CD-FE08D56CFC83}.Debug|Any CPU.Build.0 = Debug|Any CPU
		{2D26F9FD-8DDA-4DD9-94CD-FE08D56CFC83}.Release|Any CPU.ActiveCfg = Release|Any CPU
		{2D26F9FD-8DDA-4DD9-94CD-FE08D56CFC83}.Release|Any CPU.Build.0 = Release|Any CPU
	EndGlobalSection
	GlobalSection(SolutionProperties) = preSolution
		HideSolutionNode = FALSE
	EndGlobalSection
	GlobalSection(ExtensibilityGlobals) = postSolution
		SolutionGuid = {301E4DED-F692-4FF8-9477-5D65ED082F9A}
	EndGlobalSection
EndGlobal
